
Microsoft Visual Studio Solution File, Format Version 12.00
# Visual Studio Version 17
VisualStudioVersion = 17.3.32929.385
MinimumVisualStudioVersion = 10.0.40219.1
Project("{8BC9CEB8-8B4A-11D0-8D11-00A0C91BC942}") = "Lab_1_2", "Lab_1_2.vcxproj", "{0D1E5110-2621-4607-A2A4-995A3EF7574A}"
EndProject
Project("{8BC9CEB8-8B4A-11D0-8D11-00A0C91BC942}") = "UnitTest", "Unit_Test\UnitTest\UnitTest.vcxproj", "{FA3E7723-48BB-45F0-AE77-5C5C5823309D}"
EndProject
Global
	GlobalSection(SolutionConfigurationPlatforms) = preSolution
		Debug|x64 = Debug|x64
		Debug|x86 = Debug|x86
		Release|x64 = Release|x64
		Release|x86 = Release|x86
	EndGlobalSection
	GlobalSection(ProjectConfigurationPlatforms) = postSolution
		{0D1E5110-2621-4607-A2A4-995A3EF7574A}.Debug|x64.ActiveCfg = Debug|x64
		{0D1E5110-2621-4607-A2A4-995A3EF7574A}.Debug|x64.Build.0 = Debug|x64
		{0D1E5110-2621-4607-A2A4-995A3EF7574A}.Debug|x86.ActiveCfg = Debug|Win32
		{0D1E5110-2621-4607-A2A4-995A3EF7574A}.Debug|x86.Build.0 = Debug|Win32
		{0D1E5110-2621-4607-A2A4-995A3EF7574A}.Release|x64.ActiveCfg = Release|x64
		{0D1E5110-2621-4607-A2A4-995A3EF7574A}.Release|x64.Build.0 = Release|x64
		{0D1E5110-2621-4607-A2A4-995A3EF7574A}.Release|x86.ActiveCfg = Release|Win32
		{0D1E5110-2621-4607-A2A4-995A3EF7574A}.Release|x86.Build.0 = Release|Win32
		{FA3E7723-48BB-45F0-AE77-5C5C5823309D}.Debug|x64.ActiveCfg = Debug|x64
		{FA3E7723-48BB-45F0-AE77-5C5C5823309D}.Debug|x64.Build.0 = Debug|x64
		{FA3E7723-48BB-45F0-AE77-5C5C5823309D}.Debug|x86.ActiveCfg = Debug|Win32
		{FA3E7723-48BB-45F0-AE77-5C5C5823309D}.Debug|x86.Build.0 = Debug|Win32
		{FA3E7723-48BB-45F0-AE77-5C5C5823309D}.Release|x64.ActiveCfg = Release|x64
		{FA3E7723-48BB-45F0-AE77-5C5C5823309D}.Release|x64.Build.0 = Release|x64
		{FA3E7723-48BB-45F0-AE77-5C5C5823309D}.Release|x86.ActiveCfg = Release|Win32
		{FA3E7723-48BB-45F0-AE77-5C5C5823309D}.Release|x86.Build.0 = Release|Win32
	EndGlobalSection
	GlobalSection(SolutionProperties) = preSolution
		HideSolutionNode = FALSE
	EndGlobalSection
	GlobalSection(ExtensibilityGlobals) = postSolution
		SolutionGuid = {CF724192-254F-4F4D-88BF-8790760EF8F2}
	EndGlobalSection
EndGlobal
